
Microsoft Visual Studio Solution File, Format Version 12.00
# Visual Studio 15
Project("{FAE04EC0-301F-11D3-BF4B-00C04F79EFBC}") = "Oculus.Platform", "Oculus.Platform.csproj", "{EA928FA7-179B-2D8F-7AE5-B4C8221B2AA4}"
EndProject
Project("{FAE04EC0-301F-11D3-BF4B-00C04F79EFBC}") = "Assembly-CSharp", "Assembly-CSharp.csproj", "{C7B7EA04-E69E-8892-489C-B56E420E39D2}"
EndProject
Project("{FAE04EC0-301F-11D3-BF4B-00C04F79EFBC}") = "Meta.WitAi", "Meta.WitAi.csproj", "{1C2481B2-C46D-6E17-2863-92ABFDB044C5}"
EndProject
Project("{FAE04EC0-301F-11D3-BF4B-00C04F79EFBC}") = "Oculus.Interaction", "Oculus.Interaction.csproj", "{79735E9B-FE30-391B-B1BF-56655DBA3D96}"
EndProject
Project("{FAE04EC0-301F-11D3-BF4B-00C04F79EFBC}") = "Oculus.VR", "Oculus.VR.csproj", "{8D1B5387-61C1-8337-1BBC-793B900796E2}"
EndProject
Project("{FAE04EC0-301F-11D3-BF4B-00C04F79EFBC}") = "VoiceSDK.Dictation.Runtime", "VoiceSDK.Dictation.Runtime.csproj", "{3F816490-AB0E-35E7-C34D-4744148DE12C}"
EndProject
Project("{FAE04EC0-301F-11D3-BF4B-00C04F79EFBC}") = "Meta.WitAi.Lib", "Meta.WitAi.Lib.csproj", "{6A278BCD-6F6A-EA27-E115-4A99716FA2DD}"
EndProject
Project("{FAE04EC0-301F-11D3-BF4B-00C04F79EFBC}") = "Meta.Voice.Hub.Runtime", "Meta.Voice.Hub.Runtime.csproj", "{18E7A51E-7272-81BD-F655-8351D96ABDDF}"
EndProject
Project("{FAE04EC0-301F-11D3-BF4B-00C04F79EFBC}") = "VoiceSDK.Runtime", "VoiceSDK.Runtime.csproj", "{B9C13408-6C6D-16D9-D033-C614C750B796}"
EndProject
Project("{FAE04EC0-301F-11D3-BF4B-00C04F79EFBC}") = "Oculus.Interaction.OVR.Samples", "Oculus.Interaction.OVR.Samples.csproj", "{796DA2FF-4CF1-F932-DE5E-5F5F31A1A01D}"
EndProject
Project("{FAE04EC0-301F-11D3-BF4B-00C04F79EFBC}") = "Oculus.Interaction.OVR", "Oculus.Interaction.OVR.csproj", "{3981266E-28D1-1055-5B4F-4A801EBE48DA}"
EndProject
Project("{FAE04EC0-301F-11D3-BF4B-00C04F79EFBC}") = "AssistantCoreSDKRuntime", "AssistantCoreSDKRuntime.csproj", "{EB7712F4-AF49-2098-7FF0-2668431ABF5A}"
EndProject
Project("{FAE04EC0-301F-11D3-BF4B-00C04F79EFBC}") = "Meta.WitAi.Conduit", "Meta.WitAi.Conduit.csproj", "{0419C297-5B3C-DE4A-2E8E-9FDD92CA3A29}"
EndProject
Project("{FAE04EC0-301F-11D3-BF4B-00C04F79EFBC}") = "Oculus.AudioManager", "Oculus.AudioManager.csproj", "{10B33723-CEFC-CA26-F62B-1A99CD907997}"
EndProject
Project("{FAE04EC0-301F-11D3-BF4B-00C04F79EFBC}") = "Oculus.LipSync", "Oculus.LipSync.csproj", "{0FC2A6C9-D1BE-6B80-72DA-35CA0CB7DB8D}"
EndProject
Project("{FAE04EC0-301F-11D3-BF4B-00C04F79EFBC}") = "Oculus.Spatializer", "Oculus.Spatializer.csproj", "{85047F7C-3370-6380-25E7-076D29138447}"
EndProject
Project("{FAE04EC0-301F-11D3-BF4B-00C04F79EFBC}") = "Meta.Voice.Samples.Shapes", "Meta.Voice.Samples.Shapes.csproj", "{F812BCB3-CFC1-162A-CD27-4B5B0CCEBD51}"
EndProject
Project("{FAE04EC0-301F-11D3-BF4B-00C04F79EFBC}") = "Meta.WitAi.TTS", "Meta.WitAi.TTS.csproj", "{4BAE880C-3549-7869-46DF-B6323179FDE5}"
EndProject
Project("{FAE04EC0-301F-11D3-BF4B-00C04F79EFBC}") = "Meta.Voice.Samples.TTSVoices", "Meta.Voice.Samples.TTSVoices.csproj", "{69880A25-EB9A-88E5-3339-1982C3B1C955}"
EndProject
Project("{FAE04EC0-301F-11D3-BF4B-00C04F79EFBC}") = "Meta.VoiceSDK.Mic.Other", "Meta.VoiceSDK.Mic.Other.csproj", "{FA9005AD-AC9D-996A-1D65-B03EB6B6EEF0}"
EndProject
Project("{FAE04EC0-301F-11D3-BF4B-00C04F79EFBC}") = "Meta.Voice.Samples.Chess", "Meta.Voice.Samples.Chess.csproj", "{AA0E2BA7-48B2-19F8-E9D5-93E51CC134BC}"
EndProject
Project("{FAE04EC0-301F-11D3-BF4B-00C04F79EFBC}") = "Meta.VoiceSDK.Mic.WebGL", "Meta.VoiceSDK.Mic.WebGL.csproj", "{D2AA75CA-FEBC-CE2D-7C23-43870E89AF5F}"
EndProject
Project("{FAE04EC0-301F-11D3-BF4B-00C04F79EFBC}") = "Meta.VoiceSDK.Mic.Common", "Meta.VoiceSDK.Mic.Common.csproj", "{69ED6945-3C31-4C3E-886E-A8EBD1E7E07A}"
EndProject
Project("{FAE04EC0-301F-11D3-BF4B-00C04F79EFBC}") = "Facebook.Wit.Dictation", "Facebook.Wit.Dictation.csproj", "{360CA9BE-9244-B09B-9C29-8766B8A48FDA}"
EndProject
Project("{FAE04EC0-301F-11D3-BF4B-00C04F79EFBC}") = "Meta.Voice.Samples.LightTraits", "Meta.Voice.Samples.LightTraits.csproj", "{3559BC01-06B5-03AD-6FCB-53DC4E9C2C19}"
EndProject
Project("{FAE04EC0-301F-11D3-BF4B-00C04F79EFBC}") = "Meta.Voice.Samples.ShapesConduit", "Meta.Voice.Samples.ShapesConduit.csproj", "{2C5B0D37-6DBE-87E4-9558-F382A95E13F2}"
EndProject
Project("{FAE04EC0-301F-11D3-BF4B-00C04F79EFBC}") = "Meta.Voice.Samples.BuiltInTimer", "Meta.Voice.Samples.BuiltInTimer.csproj", "{1A65FB61-8395-600A-DEC9-40026C7A5CC2}"
EndProject
Project("{FAE04EC0-301F-11D3-BF4B-00C04F79EFBC}") = "Meta.Voice.Samples.LiveUnderstanding", "Meta.Voice.Samples.LiveUnderstanding.csproj", "{20FB82D8-7CC0-D88C-D505-CA3D1ABF9C8E}"
EndProject
Project("{FAE04EC0-301F-11D3-BF4B-00C04F79EFBC}") = "VoiceSDK.Dictation.Samples", "VoiceSDK.Dictation.Samples.csproj", "{1E70839C-FF1D-7409-4FEC-9353C916D240}"
EndProject
Project("{FAE04EC0-301F-11D3-BF4B-00C04F79EFBC}") = "Meta.WitAi.Editor", "Meta.WitAi.Editor.csproj", "{1485B91A-F924-FF73-53BA-2844B3A13D15}"
EndProject
Project("{FAE04EC0-301F-11D3-BF4B-00C04F79EFBC}") = "Meta.WitAI.Lib.Editor", "Meta.WitAI.Lib.Editor.csproj", "{32824E21-4053-63AB-7E98-295656F45C13}"
EndProject
Project("{FAE04EC0-301F-11D3-BF4B-00C04F79EFBC}") = "Oculus.VR.Editor", "Oculus.VR.Editor.csproj", "{3BEBF51C-184A-76C3-18B0-64A4B511BEF3}"
EndProject
Project("{FAE04EC0-301F-11D3-BF4B-00C04F79EFBC}") = "Meta.WitAi.Conduit.Editor", "Meta.WitAi.Conduit.Editor.csproj", "{2991D2B8-654E-1C82-9B27-16A208872A69}"
EndProject
Project("{FAE04EC0-301F-11D3-BF4B-00C04F79EFBC}") = "Meta.Voice.Hub.Editor", "Meta.Voice.Hub.Editor.csproj", "{CB9B283D-B350-68C2-60C4-ADEF6C88A73D}"
EndProject
Project("{FAE04EC0-301F-11D3-BF4B-00C04F79EFBC}") = "Oculus.Interaction.Editor", "Oculus.Interaction.Editor.csproj", "{D7F8F263-91DE-0F4C-D889-50497DF71E09}"
EndProject
Project("{FAE04EC0-301F-11D3-BF4B-00C04F79EFBC}") = "Oculus.Interaction.OVR.Editor", "Oculus.Interaction.OVR.Editor.csproj", "{05CF8F50-BBB0-41D0-FB6C-579AF15D7F7B}"
EndProject
Project("{FAE04EC0-301F-11D3-BF4B-00C04F79EFBC}") = "Assembly-CSharp-Editor", "Assembly-CSharp-Editor.csproj", "{2F17B1FA-B9C8-B348-F67D-0851FC4B8895}"
EndProject
Project("{FAE04EC0-301F-11D3-BF4B-00C04F79EFBC}") = "Oculus.VR.Scripts.Editor", "Oculus.VR.Scripts.Editor.csproj", "{5930A46D-3343-277D-741A-759BF99EA752}"
EndProject
Project("{FAE04EC0-301F-11D3-BF4B-00C04F79EFBC}") = "Oculus.Spatializer.Editor", "Oculus.Spatializer.Editor.csproj", "{8BF687B7-5818-63E9-F710-0C61A12A9CFC}"
EndProject
Project("{FAE04EC0-301F-11D3-BF4B-00C04F79EFBC}") = "Meta.WitAi.TTS.Editor", "Meta.WitAi.TTS.Editor.csproj", "{3992CCDD-DBB0-6ADE-BBFC-0714CC049ACF}"
EndProject
Project("{FAE04EC0-301F-11D3-BF4B-00C04F79EFBC}") = "VoiceSDK.Dictation.Editor", "VoiceSDK.Dictation.Editor.csproj", "{3D685B81-CC57-467E-5ECD-097B31BBA4F2}"
EndProject
Project("{FAE04EC0-301F-11D3-BF4B-00C04F79EFBC}") = "Oculus.Platform.Editor", "Oculus.Platform.Editor.csproj", "{61E042A7-9019-E36F-5534-57F2C4332838}"
EndProject
Project("{FAE04EC0-301F-11D3-BF4B-00C04F79EFBC}") = "VoiceSDK.Editor", "VoiceSDK.Editor.csproj", "{1EE51151-073D-38F8-5693-6F968A46F8D0}"
EndProject
Project("{FAE04EC0-301F-11D3-BF4B-00C04F79EFBC}") = "Oculus.AudioManager.Audio.Editor", "Oculus.AudioManager.Audio.Editor.csproj", "{1B230D00-D637-13FC-4AC9-B058D802A6F7}"
EndProject
Project("{FAE04EC0-301F-11D3-BF4B-00C04F79EFBC}") = "Oculus.LipSync.Editor", "Oculus.LipSync.Editor.csproj", "{7631B0D1-E6D7-354A-65B9-D151722A9505}"
EndProject
Project("{FAE04EC0-301F-11D3-BF4B-00C04F79EFBC}") = "Oculus.AudioManager.Utils.Editor", "Oculus.AudioManager.Utils.Editor.csproj", "{AA62ADA4-B444-5883-B30B-A96FCA733DF7}"
EndProject
Project("{FAE04EC0-301F-11D3-BF4B-00C04F79EFBC}") = "Oculus.Interaction.Samples.Editor", "Oculus.Interaction.Samples.Editor.csproj", "{201C6F80-96DC-FC29-957A-3EDBAC52118B}"
EndProject
Project("{FAE04EC0-301F-11D3-BF4B-00C04F79EFBC}") = "Facebook.Wit.Dictation.Editor", "Facebook.Wit.Dictation.Editor.csproj", "{009539D6-D8F3-B629-6EAF-568D2D3C51D9}"
EndProject
Project("{FAE04EC0-301F-11D3-BF4B-00C04F79EFBC}") = "Oculus.Interaction.InterfaceSupport", "Oculus.Interaction.InterfaceSupport.csproj", "{06380088-7EC5-34FB-CFF4-696A8120D8E7}"
EndProject
Project("{FAE04EC0-301F-11D3-BF4B-00C04F79EFBC}") = "Meta.Voice.VSDKHub.Editor", "Meta.Voice.VSDKHub.Editor.csproj", "{C78E8AF5-558E-D566-A887-30C665DC4E72}"
EndProject
Project("{FAE04EC0-301F-11D3-BF4B-00C04F79EFBC}") = "AssistantCoreSDKEditor", "AssistantCoreSDKEditor.csproj", "{99CEE86D-2BC0-415F-3486-9140DE9FE54B}"
EndProject
Global
	GlobalSection(SolutionConfigurationPlatforms) = preSolution
		Debug|Any CPU = Debug|Any CPU
		Release|Any CPU = Release|Any CPU
	EndGlobalSection
	GlobalSection(ProjectConfigurationPlatforms) = postSolution
		{EA928FA7-179B-2D8F-7AE5-B4C8221B2AA4}.Debug|Any CPU.ActiveCfg = Debug|Any CPU
		{EA928FA7-179B-2D8F-7AE5-B4C8221B2AA4}.Debug|Any CPU.Build.0 = Debug|Any CPU
		{EA928FA7-179B-2D8F-7AE5-B4C8221B2AA4}.Release|Any CPU.ActiveCfg = Release|Any CPU
		{EA928FA7-179B-2D8F-7AE5-B4C8221B2AA4}.Release|Any CPU.Build.0 = Release|Any CPU
		{C7B7EA04-E69E-8892-489C-B56E420E39D2}.Debug|Any CPU.ActiveCfg = Debug|Any CPU
		{C7B7EA04-E69E-8892-489C-B56E420E39D2}.Debug|Any CPU.Build.0 = Debug|Any CPU
		{C7B7EA04-E69E-8892-489C-B56E420E39D2}.Release|Any CPU.ActiveCfg = Release|Any CPU
		{C7B7EA04-E69E-8892-489C-B56E420E39D2}.Release|Any CPU.Build.0 = Release|Any CPU
		{1C2481B2-C46D-6E17-2863-92ABFDB044C5}.Debug|Any CPU.ActiveCfg = Debug|Any CPU
		{1C2481B2-C46D-6E17-2863-92ABFDB044C5}.Debug|Any CPU.Build.0 = Debug|Any CPU
		{1C2481B2-C46D-6E17-2863-92ABFDB044C5}.Release|Any CPU.ActiveCfg = Release|Any CPU
		{1C2481B2-C46D-6E17-2863-92ABFDB044C5}.Release|Any CPU.Build.0 = Release|Any CPU
		{79735E9B-FE30-391B-B1BF-56655DBA3D96}.Debug|Any CPU.ActiveCfg = Debug|Any CPU
		{79735E9B-FE30-391B-B1BF-56655DBA3D96}.Debug|Any CPU.Build.0 = Debug|Any CPU
		{79735E9B-FE30-391B-B1BF-56655DBA3D96}.Release|Any CPU.ActiveCfg = Release|Any CPU
		{79735E9B-FE30-391B-B1BF-56655DBA3D96}.Release|Any CPU.Build.0 = Release|Any CPU
		{8D1B5387-61C1-8337-1BBC-793B900796E2}.Debug|Any CPU.ActiveCfg = Debug|Any CPU
		{8D1B5387-61C1-8337-1BBC-793B900796E2}.Debug|Any CPU.Build.0 = Debug|Any CPU
		{8D1B5387-61C1-8337-1BBC-793B900796E2}.Release|Any CPU.ActiveCfg = Release|Any CPU
		{8D1B5387-61C1-8337-1BBC-793B900796E2}.Release|Any CPU.Build.0 = Release|Any CPU
		{3F816490-AB0E-35E7-C34D-4744148DE12C}.Debug|Any CPU.ActiveCfg = Debug|Any CPU
		{3F816490-AB0E-35E7-C34D-4744148DE12C}.Debug|Any CPU.Build.0 = Debug|Any CPU
		{3F816490-AB0E-35E7-C34D-4744148DE12C}.Release|Any CPU.ActiveCfg = Release|Any CPU
		{3F816490-AB0E-35E7-C34D-4744148DE12C}.Release|Any CPU.Build.0 = Release|Any CPU
		{6A278BCD-6F6A-EA27-E115-4A99716FA2DD}.Debug|Any CPU.ActiveCfg = Debug|Any CPU
		{6A278BCD-6F6A-EA27-E115-4A99716FA2DD}.Debug|Any CPU.Build.0 = Debug|Any CPU
		{6A278BCD-6F6A-EA27-E115-4A99716FA2DD}.Release|Any CPU.ActiveCfg = Release|Any CPU
		{6A278BCD-6F6A-EA27-E115-4A99716FA2DD}.Release|Any CPU.Build.0 = Release|Any CPU
		{18E7A51E-7272-81BD-F655-8351D96ABDDF}.Debug|Any CPU.ActiveCfg = Debug|Any CPU
		{18E7A51E-7272-81BD-F655-8351D96ABDDF}.Debug|Any CPU.Build.0 = Debug|Any CPU
		{18E7A51E-7272-81BD-F655-8351D96ABDDF}.Release|Any CPU.ActiveCfg = Release|Any CPU
		{18E7A51E-7272-81BD-F655-8351D96ABDDF}.Release|Any CPU.Build.0 = Release|Any CPU
		{B9C13408-6C6D-16D9-D033-C614C750B796}.Debug|Any CPU.ActiveCfg = Debug|Any CPU
		{B9C13408-6C6D-16D9-D033-C614C750B796}.Debug|Any CPU.Build.0 = Debug|Any CPU
		{B9C13408-6C6D-16D9-D033-C614C750B796}.Release|Any CPU.ActiveCfg = Release|Any CPU
		{B9C13408-6C6D-16D9-D033-C614C750B796}.Release|Any CPU.Build.0 = Release|Any CPU
		{796DA2FF-4CF1-F932-DE5E-5F5F31A1A01D}.Debug|Any CPU.ActiveCfg = Debug|Any CPU
		{796DA2FF-4CF1-F932-DE5E-5F5F31A1A01D}.Debug|Any CPU.Build.0 = Debug|Any CPU
		{796DA2FF-4CF1-F932-DE5E-5F5F31A1A01D}.Release|Any CPU.ActiveCfg = Release|Any CPU
		{796DA2FF-4CF1-F932-DE5E-5F5F31A1A01D}.Release|Any CPU.Build.0 = Release|Any CPU
		{3981266E-28D1-1055-5B4F-4A801EBE48DA}.Debug|Any CPU.ActiveCfg = Debug|Any CPU
		{3981266E-28D1-1055-5B4F-4A801EBE48DA}.Debug|Any CPU.Build.0 = Debug|Any CPU
		{3981266E-28D1-1055-5B4F-4A801EBE48DA}.Release|Any CPU.ActiveCfg = Release|Any CPU
		{3981266E-28D1-1055-5B4F-4A801EBE48DA}.Release|Any CPU.Build.0 = Release|Any CPU
		{EB7712F4-AF49-2098-7FF0-2668431ABF5A}.Debug|Any CPU.ActiveCfg = Debug|Any CPU
		{EB7712F4-AF49-2098-7FF0-2668431ABF5A}.Debug|Any CPU.Build.0 = Debug|Any CPU
		{EB7712F4-AF49-2098-7FF0-2668431ABF5A}.Release|Any CPU.ActiveCfg = Release|Any CPU
		{EB7712F4-AF49-2098-7FF0-2668431ABF5A}.Release|Any CPU.Build.0 = Release|Any CPU
		{0419C297-5B3C-DE4A-2E8E-9FDD92CA3A29}.Debug|Any CPU.ActiveCfg = Debug|Any CPU
		{0419C297-5B3C-DE4A-2E8E-9FDD92CA3A29}.Debug|Any CPU.Build.0 = Debug|Any CPU
		{0419C297-5B3C-DE4A-2E8E-9FDD92CA3A29}.Release|Any CPU.ActiveCfg = Release|Any CPU
		{0419C297-5B3C-DE4A-2E8E-9FDD92CA3A29}.Release|Any CPU.Build.0 = Release|Any CPU
		{10B33723-CEFC-CA26-F62B-1A99CD907997}.Debug|Any CPU.ActiveCfg = Debug|Any CPU
		{10B33723-CEFC-CA26-F62B-1A99CD907997}.Debug|Any CPU.Build.0 = Debug|Any CPU
		{10B33723-CEFC-CA26-F62B-1A99CD907997}.Release|Any CPU.ActiveCfg = Release|Any CPU
		{10B33723-CEFC-CA26-F62B-1A99CD907997}.Release|Any CPU.Build.0 = Release|Any CPU
		{0FC2A6C9-D1BE-6B80-72DA-35CA0CB7DB8D}.Debug|Any CPU.ActiveCfg = Debug|Any CPU
		{0FC2A6C9-D1BE-6B80-72DA-35CA0CB7DB8D}.Debug|Any CPU.Build.0 = Debug|Any CPU
		{0FC2A6C9-D1BE-6B80-72DA-35CA0CB7DB8D}.Release|Any CPU.ActiveCfg = Release|Any CPU
		{0FC2A6C9-D1BE-6B80-72DA-35CA0CB7DB8D}.Release|Any CPU.Build.0 = Release|Any CPU
		{85047F7C-3370-6380-25E7-076D29138447}.Debug|Any CPU.ActiveCfg = Debug|Any CPU
		{85047F7C-3370-6380-25E7-076D29138447}.Debug|Any CPU.Build.0 = Debug|Any CPU
		{85047F7C-3370-6380-25E7-076D29138447}.Release|Any CPU.ActiveCfg = Release|Any CPU
		{85047F7C-3370-6380-25E7-076D29138447}.Release|Any CPU.Build.0 = Release|Any CPU
		{F812BCB3-CFC1-162A-CD27-4B5B0CCEBD51}.Debug|Any CPU.ActiveCfg = Debug|Any CPU
		{F812BCB3-CFC1-162A-CD27-4B5B0CCEBD51}.Debug|Any CPU.Build.0 = Debug|Any CPU
		{F812BCB3-CFC1-162A-CD27-4B5B0CCEBD51}.Release|Any CPU.ActiveCfg = Release|Any CPU
		{F812BCB3-CFC1-162A-CD27-4B5B0CCEBD51}.Release|Any CPU.Build.0 = Release|Any CPU
		{4BAE880C-3549-7869-46DF-B6323179FDE5}.Debug|Any CPU.ActiveCfg = Debug|Any CPU
		{4BAE880C-3549-7869-46DF-B6323179FDE5}.Debug|Any CPU.Build.0 = Debug|Any CPU
		{4BAE880C-3549-7869-46DF-B6323179FDE5}.Release|Any CPU.ActiveCfg = Release|Any CPU
		{4BAE880C-3549-7869-46DF-B6323179FDE5}.Release|Any CPU.Build.0 = Release|Any CPU
		{69880A25-EB9A-88E5-3339-1982C3B1C955}.Debug|Any CPU.ActiveCfg = Debug|Any CPU
		{69880A25-EB9A-88E5-3339-1982C3B1C955}.Debug|Any CPU.Build.0 = Debug|Any CPU
		{69880A25-EB9A-88E5-3339-1982C3B1C955}.Release|Any CPU.ActiveCfg = Release|Any CPU
		{69880A25-EB9A-88E5-3339-1982C3B1C955}.Release|Any CPU.Build.0 = Release|Any CPU
		{FA9005AD-AC9D-996A-1D65-B03EB6B6EEF0}.Debug|Any CPU.ActiveCfg = Debug|Any CPU
		{FA9005AD-AC9D-996A-1D65-B03EB6B6EEF0}.Debug|Any CPU.Build.0 = Debug|Any CPU
		{FA9005AD-AC9D-996A-1D65-B03EB6B6EEF0}.Release|Any CPU.ActiveCfg = Release|Any CPU
		{FA9005AD-AC9D-996A-1D65-B03EB6B6EEF0}.Release|Any CPU.Build.0 = Release|Any CPU
		{AA0E2BA7-48B2-19F8-E9D5-93E51CC134BC}.Debug|Any CPU.ActiveCfg = Debug|Any CPU
		{AA0E2BA7-48B2-19F8-E9D5-93E51CC134BC}.Debug|Any CPU.Build.0 = Debug|Any CPU
		{AA0E2BA7-48B2-19F8-E9D5-93E51CC134BC}.Release|Any CPU.ActiveCfg = Release|Any CPU
		{AA0E2BA7-48B2-19F8-E9D5-93E51CC134BC}.Release|Any CPU.Build.0 = Release|Any CPU
		{D2AA75CA-FEBC-CE2D-7C23-43870E89AF5F}.Debug|Any CPU.ActiveCfg = Debug|Any CPU
		{D2AA75CA-FEBC-CE2D-7C23-43870E89AF5F}.Debug|Any CPU.Build.0 = Debug|Any CPU
		{D2AA75CA-FEBC-CE2D-7C23-43870E89AF5F}.Release|Any CPU.ActiveCfg = Release|Any CPU
		{D2AA75CA-FEBC-CE2D-7C23-43870E89AF5F}.Release|Any CPU.Build.0 = Release|Any CPU
		{69ED6945-3C31-4C3E-886E-A8EBD1E7E07A}.Debug|Any CPU.ActiveCfg = Debug|Any CPU
		{69ED6945-3C31-4C3E-886E-A8EBD1E7E07A}.Debug|Any CPU.Build.0 = Debug|Any CPU
		{69ED6945-3C31-4C3E-886E-A8EBD1E7E07A}.Release|Any CPU.ActiveCfg = Release|Any CPU
		{69ED6945-3C31-4C3E-886E-A8EBD1E7E07A}.Release|Any CPU.Build.0 = Release|Any CPU
		{360CA9BE-9244-B09B-9C29-8766B8A48FDA}.Debug|Any CPU.ActiveCfg = Debug|Any CPU
		{360CA9BE-9244-B09B-9C29-8766B8A48FDA}.Debug|Any CPU.Build.0 = Debug|Any CPU
		{360CA9BE-9244-B09B-9C29-8766B8A48FDA}.Release|Any CPU.ActiveCfg = Release|Any CPU
		{360CA9BE-9244-B09B-9C29-8766B8A48FDA}.Release|Any CPU.Build.0 = Release|Any CPU
		{3559BC01-06B5-03AD-6FCB-53DC4E9C2C19}.Debug|Any CPU.ActiveCfg = Debug|Any CPU
		{3559BC01-06B5-03AD-6FCB-53DC4E9C2C19}.Debug|Any CPU.Build.0 = Debug|Any CPU
		{3559BC01-06B5-03AD-6FCB-53DC4E9C2C19}.Release|Any CPU.ActiveCfg = Release|Any CPU
		{3559BC01-06B5-03AD-6FCB-53DC4E9C2C19}.Release|Any CPU.Build.0 = Release|Any CPU
		{2C5B0D37-6DBE-87E4-9558-F382A95E13F2}.Debug|Any CPU.ActiveCfg = Debug|Any CPU
		{2C5B0D37-6DBE-87E4-9558-F382A95E13F2}.Debug|Any CPU.Build.0 = Debug|Any CPU
		{2C5B0D37-6DBE-87E4-9558-F382A95E13F2}.Release|Any CPU.ActiveCfg = Release|Any CPU
		{2C5B0D37-6DBE-87E4-9558-F382A95E13F2}.Release|Any CPU.Build.0 = Release|Any CPU
		{1A65FB61-8395-600A-DEC9-40026C7A5CC2}.Debug|Any CPU.ActiveCfg = Debug|Any CPU
		{1A65FB61-8395-600A-DEC9-40026C7A5CC2}.Debug|Any CPU.Build.0 = Debug|Any CPU
		{1A65FB61-8395-600A-DEC9-40026C7A5CC2}.Release|Any CPU.ActiveCfg = Release|Any CPU
		{1A65FB61-8395-600A-DEC9-40026C7A5CC2}.Release|Any CPU.Build.0 = Release|Any CPU
		{20FB82D8-7CC0-D88C-D505-CA3D1ABF9C8E}.Debug|Any CPU.ActiveCfg = Debug|Any CPU
		{20FB82D8-7CC0-D88C-D505-CA3D1ABF9C8E}.Debug|Any CPU.Build.0 = Debug|Any CPU
		{20FB82D8-7CC0-D88C-D505-CA3D1ABF9C8E}.Release|Any CPU.ActiveCfg = Release|Any CPU
		{20FB82D8-7CC0-D88C-D505-CA3D1ABF9C8E}.Release|Any CPU.Build.0 = Release|Any CPU
		{1E70839C-FF1D-7409-4FEC-9353C916D240}.Debug|Any CPU.ActiveCfg = Debug|Any CPU
		{1E70839C-FF1D-7409-4FEC-9353C916D240}.Debug|Any CPU.Build.0 = Debug|Any CPU
		{1E70839C-FF1D-7409-4FEC-9353C916D240}.Release|Any CPU.ActiveCfg = Release|Any CPU
		{1E70839C-FF1D-7409-4FEC-9353C916D240}.Release|Any CPU.Build.0 = Release|Any CPU
		{1485B91A-F924-FF73-53BA-2844B3A13D15}.Debug|Any CPU.ActiveCfg = Debug|Any CPU
		{1485B91A-F924-FF73-53BA-2844B3A13D15}.Debug|Any CPU.Build.0 = Debug|Any CPU
		{1485B91A-F924-FF73-53BA-2844B3A13D15}.Release|Any CPU.ActiveCfg = Release|Any CPU
		{1485B91A-F924-FF73-53BA-2844B3A13D15}.Release|Any CPU.Build.0 = Release|Any CPU
		{32824E21-4053-63AB-7E98-295656F45C13}.Debug|Any CPU.ActiveCfg = Debug|Any CPU
		{32824E21-4053-63AB-7E98-295656F45C13}.Debug|Any CPU.Build.0 = Debug|Any CPU
		{32824E21-4053-63AB-7E98-295656F45C13}.Release|Any CPU.ActiveCfg = Release|Any CPU
		{32824E21-4053-63AB-7E98-295656F45C13}.Release|Any CPU.Build.0 = Release|Any CPU
		{3BEBF51C-184A-76C3-18B0-64A4B511BEF3}.Debug|Any CPU.ActiveCfg = Debug|Any CPU
		{3BEBF51C-184A-76C3-18B0-64A4B511BEF3}.Debug|Any CPU.Build.0 = Debug|Any CPU
		{3BEBF51C-184A-76C3-18B0-64A4B511BEF3}.Release|Any CPU.ActiveCfg = Release|Any CPU
		{3BEBF51C-184A-76C3-18B0-64A4B511BEF3}.Release|Any CPU.Build.0 = Release|Any CPU
		{2991D2B8-654E-1C82-9B27-16A208872A69}.Debug|Any CPU.ActiveCfg = Debug|Any CPU
		{2991D2B8-654E-1C82-9B27-16A208872A69}.Debug|Any CPU.Build.0 = Debug|Any CPU
		{2991D2B8-654E-1C82-9B27-16A208872A69}.Release|Any CPU.ActiveCfg = Release|Any CPU
		{2991D2B8-654E-1C82-9B27-16A208872A69}.Release|Any CPU.Build.0 = Release|Any CPU
		{CB9B283D-B350-68C2-60C4-ADEF6C88A73D}.Debug|Any CPU.ActiveCfg = Debug|Any CPU
		{CB9B283D-B350-68C2-60C4-ADEF6C88A73D}.Debug|Any CPU.Build.0 = Debug|Any CPU
		{CB9B283D-B350-68C2-60C4-ADEF6C88A73D}.Release|Any CPU.ActiveCfg = Release|Any CPU
		{CB9B283D-B350-68C2-60C4-ADEF6C88A73D}.Release|Any CPU.Build.0 = Release|Any CPU
		{D7F8F263-91DE-0F4C-D889-50497DF71E09}.Debug|Any CPU.ActiveCfg = Debug|Any CPU
		{D7F8F263-91DE-0F4C-D889-50497DF71E09}.Debug|Any CPU.Build.0 = Debug|Any CPU
		{D7F8F263-91DE-0F4C-D889-50497DF71E09}.Release|Any CPU.ActiveCfg = Release|Any CPU
		{D7F8F263-91DE-0F4C-D889-50497DF71E09}.Release|Any CPU.Build.0 = Release|Any CPU
		{05CF8F50-BBB0-41D0-FB6C-579AF15D7F7B}.Debug|Any CPU.ActiveCfg = Debug|Any CPU
		{05CF8F50-BBB0-41D0-FB6C-579AF15D7F7B}.Debug|Any CPU.Build.0 = Debug|Any CPU
		{05CF8F50-BBB0-41D0-FB6C-579AF15D7F7B}.Release|Any CPU.ActiveCfg = Release|Any CPU
		{05CF8F50-BBB0-41D0-FB6C-579AF15D7F7B}.Release|Any CPU.Build.0 = Release|Any CPU
		{2F17B1FA-B9C8-B348-F67D-0851FC4B8895}.Debug|Any CPU.ActiveCfg = Debug|Any CPU
		{2F17B1FA-B9C8-B348-F67D-0851FC4B8895}.Debug|Any CPU.Build.0 = Debug|Any CPU
		{2F17B1FA-B9C8-B348-F67D-0851FC4B8895}.Release|Any CPU.ActiveCfg = Release|Any CPU
		{2F17B1FA-B9C8-B348-F67D-0851FC4B8895}.Release|Any CPU.Build.0 = Release|Any CPU
		{5930A46D-3343-277D-741A-759BF99EA752}.Debug|Any CPU.ActiveCfg = Debug|Any CPU
		{5930A46D-3343-277D-741A-759BF99EA752}.Debug|Any CPU.Build.0 = Debug|Any CPU
		{5930A46D-3343-277D-741A-759BF99EA752}.Release|Any CPU.ActiveCfg = Release|Any CPU
		{5930A46D-3343-277D-741A-759BF99EA752}.Release|Any CPU.Build.0 = Release|Any CPU
		{8BF687B7-5818-63E9-F710-0C61A12A9CFC}.Debug|Any CPU.ActiveCfg = Debug|Any CPU
		{8BF687B7-5818-63E9-F710-0C61A12A9CFC}.Debug|Any CPU.Build.0 = Debug|Any CPU
		{8BF687B7-5818-63E9-F710-0C61A12A9CFC}.Release|Any CPU.ActiveCfg = Release|Any CPU
		{8BF687B7-5818-63E9-F710-0C61A12A9CFC}.Release|Any CPU.Build.0 = Release|Any CPU
		{3992CCDD-DBB0-6ADE-BBFC-0714CC049ACF}.Debug|Any CPU.ActiveCfg = Debug|Any CPU
		{3992CCDD-DBB0-6ADE-BBFC-0714CC049ACF}.Debug|Any CPU.Build.0 = Debug|Any CPU
		{3992CCDD-DBB0-6ADE-BBFC-0714CC049ACF}.Release|Any CPU.ActiveCfg = Release|Any CPU
		{3992CCDD-DBB0-6ADE-BBFC-0714CC049ACF}.Release|Any CPU.Build.0 = Release|Any CPU
		{3D685B81-CC57-467E-5ECD-097B31BBA4F2}.Debug|Any CPU.ActiveCfg = Debug|Any CPU
		{3D685B81-CC57-467E-5ECD-097B31BBA4F2}.Debug|Any CPU.Build.0 = Debug|Any CPU
		{3D685B81-CC57-467E-5ECD-097B31BBA4F2}.Release|Any CPU.ActiveCfg = Release|Any CPU
		{3D685B81-CC57-467E-5ECD-097B31BBA4F2}.Release|Any CPU.Build.0 = Release|Any CPU
		{61E042A7-9019-E36F-5534-57F2C4332838}.Debug|Any CPU.ActiveCfg = Debug|Any CPU
		{61E042A7-9019-E36F-5534-57F2C4332838}.Debug|Any CPU.Build.0 = Debug|Any CPU
		{61E042A7-9019-E36F-5534-57F2C4332838}.Release|Any CPU.ActiveCfg = Release|Any CPU
		{61E042A7-9019-E36F-5534-57F2C4332838}.Release|Any CPU.Build.0 = Release|Any CPU
		{1EE51151-073D-38F8-5693-6F968A46F8D0}.Debug|Any CPU.ActiveCfg = Debug|Any CPU
		{1EE51151-073D-38F8-5693-6F968A46F8D0}.Debug|Any CPU.Build.0 = Debug|Any CPU
		{1EE51151-073D-38F8-5693-6F968A46F8D0}.Release|Any CPU.ActiveCfg = Release|Any CPU
		{1EE51151-073D-38F8-5693-6F968A46F8D0}.Release|Any CPU.Build.0 = Release|Any CPU
		{1B230D00-D637-13FC-4AC9-B058D802A6F7}.Debug|Any CPU.ActiveCfg = Debug|Any CPU
		{1B230D00-D637-13FC-4AC9-B058D802A6F7}.Debug|Any CPU.Build.0 = Debug|Any CPU
		{1B230D00-D637-13FC-4AC9-B058D802A6F7}.Release|Any CPU.ActiveCfg = Release|Any CPU
		{1B230D00-D637-13FC-4AC9-B058D802A6F7}.Release|Any CPU.Build.0 = Release|Any CPU
		{7631B0D1-E6D7-354A-65B9-D151722A9505}.Debug|Any CPU.ActiveCfg = Debug|Any CPU
		{7631B0D1-E6D7-354A-65B9-D151722A9505}.Debug|Any CPU.Build.0 = Debug|Any CPU
		{7631B0D1-E6D7-354A-65B9-D151722A9505}.Release|Any CPU.ActiveCfg = Release|Any CPU
		{7631B0D1-E6D7-354A-65B9-D151722A9505}.Release|Any CPU.Build.0 = Release|Any CPU
		{AA62ADA4-B444-5883-B30B-A96FCA733DF7}.Debug|Any CPU.ActiveCfg = Debug|Any CPU
		{AA62ADA4-B444-5883-B30B-A96FCA733DF7}.Debug|Any CPU.Build.0 = Debug|Any CPU
		{AA62ADA4-B444-5883-B30B-A96FCA733DF7}.Release|Any CPU.ActiveCfg = Release|Any CPU
		{AA62ADA4-B444-5883-B30B-A96FCA733DF7}.Release|Any CPU.Build.0 = Release|Any CPU
		{201C6F80-96DC-FC29-957A-3EDBAC52118B}.Debug|Any CPU.ActiveCfg = Debug|Any CPU
		{201C6F80-96DC-FC29-957A-3EDBAC52118B}.Debug|Any CPU.Build.0 = Debug|Any CPU
		{201C6F80-96DC-FC29-957A-3EDBAC52118B}.Release|Any CPU.ActiveCfg = Release|Any CPU
		{201C6F80-96DC-FC29-957A-3EDBAC52118B}.Release|Any CPU.Build.0 = Release|Any CPU
		{009539D6-D8F3-B629-6EAF-568D2D3C51D9}.Debug|Any CPU.ActiveCfg = Debug|Any CPU
		{009539D6-D8F3-B629-6EAF-568D2D3C51D9}.Debug|Any CPU.Build.0 = Debug|Any CPU
		{009539D6-D8F3-B629-6EAF-568D2D3C51D9}.Release|Any CPU.ActiveCfg = Release|Any CPU
		{009539D6-D8F3-B629-6EAF-568D2D3C51D9}.Release|Any CPU.Build.0 = Release|Any CPU
		{06380088-7EC5-34FB-CFF4-696A8120D8E7}.Debug|Any CPU.ActiveCfg = Debug|Any CPU
		{06380088-7EC5-34FB-CFF4-696A8120D8E7}.Debug|Any CPU.Build.0 = Debug|Any CPU
		{06380088-7EC5-34FB-CFF4-696A8120D8E7}.Release|Any CPU.ActiveCfg = Release|Any CPU
		{06380088-7EC5-34FB-CFF4-696A8120D8E7}.Release|Any CPU.Build.0 = Release|Any CPU
		{C78E8AF5-558E-D566-A887-30C665DC4E72}.Debug|Any CPU.ActiveCfg = Debug|Any CPU
		{C78E8AF5-558E-D566-A887-30C665DC4E72}.Debug|Any CPU.Build.0 = Debug|Any CPU
		{C78E8AF5-558E-D566-A887-30C665DC4E72}.Release|Any CPU.ActiveCfg = Release|Any CPU
		{C78E8AF5-558E-D566-A887-30C665DC4E72}.Release|Any CPU.Build.0 = Release|Any CPU
		{99CEE86D-2BC0-415F-3486-9140DE9FE54B}.Debug|Any CPU.ActiveCfg = Debug|Any CPU
		{99CEE86D-2BC0-415F-3486-9140DE9FE54B}.Debug|Any CPU.Build.0 = Debug|Any CPU
		{99CEE86D-2BC0-415F-3486-9140DE9FE54B}.Release|Any CPU.ActiveCfg = Release|Any CPU
		{99CEE86D-2BC0-415F-3486-9140DE9FE54B}.Release|Any CPU.Build.0 = Release|Any CPU
	EndGlobalSection
	GlobalSection(SolutionProperties) = preSolution
		HideSolutionNode = FALSE
	EndGlobalSection
EndGlobal
