
Microsoft Visual Studio Solution File, Format Version 12.00
# Visual Studio 15
Project("{FAE04EC0-301F-11D3-BF4B-00C04F79EFBC}") = "Oculus.Platform", "Oculus.Platform.csproj", "{624471BD-101C-FFEF-003A-449D341FF928}"
EndProject
Project("{FAE04EC0-301F-11D3-BF4B-00C04F79EFBC}") = "Assembly-CSharp", "Assembly-CSharp.csproj", "{E838425D-3572-CEB7-4A3A-72AC668D5BAC}"
EndProject
Project("{FAE04EC0-301F-11D3-BF4B-00C04F79EFBC}") = "Meta.WitAi", "Meta.WitAi.csproj", "{FD64CCB8-903F-FA8D-88C1-A86940EAA3C2}"
EndProject
Project("{FAE04EC0-301F-11D3-BF4B-00C04F79EFBC}") = "Oculus.Interaction", "Oculus.Interaction.csproj", "{377694DE-4957-48A8-515C-54438498EB47}"
EndProject
Project("{FAE04EC0-301F-11D3-BF4B-00C04F79EFBC}") = "Oculus.VR", "Oculus.VR.csproj", "{0AB64463-D3FD-60C9-A544-684EB630C6D8}"
EndProject
Project("{FAE04EC0-301F-11D3-BF4B-00C04F79EFBC}") = "VoiceSDK.Dictation.Runtime", "VoiceSDK.Dictation.Runtime.csproj", "{95103372-1716-0799-AEE7-412B41ADABA1}"
EndProject
Project("{FAE04EC0-301F-11D3-BF4B-00C04F79EFBC}") = "Meta.WitAi.Lib", "Meta.WitAi.Lib.csproj", "{92DA67C6-CA6E-7E66-29FC-BDF1C09214C4}"
EndProject
Project("{FAE04EC0-301F-11D3-BF4B-00C04F79EFBC}") = "Meta.Voice.Hub.Runtime", "Meta.Voice.Hub.Runtime.csproj", "{9E286992-7B43-D7D8-7579-3257130AD802}"
EndProject
Project("{FAE04EC0-301F-11D3-BF4B-00C04F79EFBC}") = "VoiceSDK.Runtime", "VoiceSDK.Runtime.csproj", "{9A286A2C-1A4C-DA4A-7D71-3231A226FB71}"
EndProject
Project("{FAE04EC0-301F-11D3-BF4B-00C04F79EFBC}") = "Oculus.Interaction.OVR.Samples", "Oculus.Interaction.OVR.Samples.csproj", "{530F1E45-0079-B3D1-547E-D5062E519F9E}"
EndProject
Project("{FAE04EC0-301F-11D3-BF4B-00C04F79EFBC}") = "Oculus.Interaction.OVR", "Oculus.Interaction.OVR.csproj", "{ECAABBE1-B262-80E8-B632-537BC54CE9BC}"
EndProject
Project("{FAE04EC0-301F-11D3-BF4B-00C04F79EFBC}") = "AssistantCoreSDKRuntime", "AssistantCoreSDKRuntime.csproj", "{6BBC0A9A-4222-CBC9-F1C2-148BC0E730EF}"
EndProject
Project("{FAE04EC0-301F-11D3-BF4B-00C04F79EFBC}") = "Meta.WitAi.Conduit", "Meta.WitAi.Conduit.csproj", "{003A58DB-3980-2892-C5BA-5C666FA02E5D}"
EndProject
Project("{FAE04EC0-301F-11D3-BF4B-00C04F79EFBC}") = "Oculus.AudioManager", "Oculus.AudioManager.csproj", "{DBCFA650-CAB5-37C9-3F67-C4FDE55D43BC}"
EndProject
Project("{FAE04EC0-301F-11D3-BF4B-00C04F79EFBC}") = "Oculus.LipSync", "Oculus.LipSync.csproj", "{5812307A-ACD5-1E4C-9956-C947A62D15CD}"
EndProject
Project("{FAE04EC0-301F-11D3-BF4B-00C04F79EFBC}") = "Oculus.Spatializer", "Oculus.Spatializer.csproj", "{44FB8161-CE98-F7B9-6BC6-F07BAEE0306C}"
EndProject
Project("{FAE04EC0-301F-11D3-BF4B-00C04F79EFBC}") = "Meta.Voice.Samples.Shapes", "Meta.Voice.Samples.Shapes.csproj", "{FC097B1B-2B42-E30C-4649-5241371D697D}"
EndProject
Project("{FAE04EC0-301F-11D3-BF4B-00C04F79EFBC}") = "Meta.WitAi.TTS", "Meta.WitAi.TTS.csproj", "{304D60F1-8C71-E751-B20A-9F9921B35A4C}"
EndProject
Project("{FAE04EC0-301F-11D3-BF4B-00C04F79EFBC}") = "Meta.Voice.Samples.TTSVoices", "Meta.Voice.Samples.TTSVoices.csproj", "{993BD470-BEBA-9B5D-8931-7C6A63A77942}"
EndProject
Project("{FAE04EC0-301F-11D3-BF4B-00C04F79EFBC}") = "Meta.VoiceSDK.Mic.Other", "Meta.VoiceSDK.Mic.Other.csproj", "{09106EB7-4343-7040-DF34-20A721AC5F10}"
EndProject
Project("{FAE04EC0-301F-11D3-BF4B-00C04F79EFBC}") = "Meta.Voice.Samples.Chess", "Meta.Voice.Samples.Chess.csproj", "{67D7AA5A-8734-A71A-2634-AF6051B5AB89}"
EndProject
Project("{FAE04EC0-301F-11D3-BF4B-00C04F79EFBC}") = "Meta.VoiceSDK.Mic.WebGL", "Meta.VoiceSDK.Mic.WebGL.csproj", "{2C9C62E8-AD6F-1A75-AD76-D728602CB403}"
EndProject
Project("{FAE04EC0-301F-11D3-BF4B-00C04F79EFBC}") = "Meta.VoiceSDK.Mic.Common", "Meta.VoiceSDK.Mic.Common.csproj", "{B51736EB-BC0C-826F-7CD7-A8A4112EF36E}"
EndProject
Project("{FAE04EC0-301F-11D3-BF4B-00C04F79EFBC}") = "Facebook.Wit.Dictation", "Facebook.Wit.Dictation.csproj", "{D3CC927C-71B7-A751-CAD6-9E3F4F829E6A}"
EndProject
Project("{FAE04EC0-301F-11D3-BF4B-00C04F79EFBC}") = "Meta.Voice.Samples.LightTraits", "Meta.Voice.Samples.LightTraits.csproj", "{79243F59-4FF5-16D5-5B96-A178DAE2E699}"
EndProject
Project("{FAE04EC0-301F-11D3-BF4B-00C04F79EFBC}") = "Meta.Voice.Samples.ShapesConduit", "Meta.Voice.Samples.ShapesConduit.csproj", "{4EF9963C-1E1E-4ADF-3BF2-7935EF707E26}"
EndProject
Project("{FAE04EC0-301F-11D3-BF4B-00C04F79EFBC}") = "Meta.Voice.Samples.BuiltInTimer", "Meta.Voice.Samples.BuiltInTimer.csproj", "{495C64DB-FAAF-3525-CB59-6B1645253B95}"
EndProject
Project("{FAE04EC0-301F-11D3-BF4B-00C04F79EFBC}") = "Meta.Voice.Samples.LiveUnderstanding", "Meta.Voice.Samples.LiveUnderstanding.csproj", "{B4DF2507-3634-E707-666E-4CE0C01F972C}"
EndProject
Project("{FAE04EC0-301F-11D3-BF4B-00C04F79EFBC}") = "VoiceSDK.Dictation.Samples", "VoiceSDK.Dictation.Samples.csproj", "{4D068045-574C-0583-4989-28EB27F03865}"
EndProject
Project("{FAE04EC0-301F-11D3-BF4B-00C04F79EFBC}") = "Meta.WitAi.Editor", "Meta.WitAi.Editor.csproj", "{C7A83C16-F0AF-6872-F220-521FD09CCEB5}"
EndProject
Project("{FAE04EC0-301F-11D3-BF4B-00C04F79EFBC}") = "Meta.WitAI.Lib.Editor", "Meta.WitAI.Lib.Editor.csproj", "{8D95EADE-4366-C9FD-24AA-098DD0B5C4AD}"
EndProject
Project("{FAE04EC0-301F-11D3-BF4B-00C04F79EFBC}") = "Oculus.VR.Editor", "Oculus.VR.Editor.csproj", "{69320787-0074-836B-29EB-498398A6A1FA}"
EndProject
Project("{FAE04EC0-301F-11D3-BF4B-00C04F79EFBC}") = "Meta.WitAi.Conduit.Editor", "Meta.WitAi.Conduit.Editor.csproj", "{26FF20A4-54BD-BA63-CD87-6A7630CC8A65}"
EndProject
Project("{FAE04EC0-301F-11D3-BF4B-00C04F79EFBC}") = "Meta.Voice.Hub.Editor", "Meta.Voice.Hub.Editor.csproj", "{4C31336F-8FCE-99A0-3B93-0BBA013B17DD}"
EndProject
Project("{FAE04EC0-301F-11D3-BF4B-00C04F79EFBC}") = "Oculus.Interaction.Editor", "Oculus.Interaction.Editor.csproj", "{53489E7E-3FAC-8073-A4D8-C5FDB400B0B5}"
EndProject
Project("{FAE04EC0-301F-11D3-BF4B-00C04F79EFBC}") = "Oculus.Interaction.OVR.Editor", "Oculus.Interaction.OVR.Editor.csproj", "{A5768A5B-0CA7-BA50-087E-2D75F4FCA763}"
EndProject
Project("{FAE04EC0-301F-11D3-BF4B-00C04F79EFBC}") = "Assembly-CSharp-Editor", "Assembly-CSharp-Editor.csproj", "{A1EC28B7-E312-B088-39CB-2EE1E89A519C}"
EndProject
Project("{FAE04EC0-301F-11D3-BF4B-00C04F79EFBC}") = "Oculus.VR.Scripts.Editor", "Oculus.VR.Scripts.Editor.csproj", "{D4ABB744-ED23-B882-E610-77F88034961A}"
EndProject
Project("{FAE04EC0-301F-11D3-BF4B-00C04F79EFBC}") = "Oculus.Spatializer.Editor", "Oculus.Spatializer.Editor.csproj", "{9161C265-B354-6E5B-E901-0B5661ACAF3A}"
EndProject
Project("{FAE04EC0-301F-11D3-BF4B-00C04F79EFBC}") = "Meta.WitAi.TTS.Editor", "Meta.WitAi.TTS.Editor.csproj", "{ED6DAE0E-E159-117B-7F8A-C3B4ED4E9D80}"
EndProject
Project("{FAE04EC0-301F-11D3-BF4B-00C04F79EFBC}") = "VoiceSDK.Dictation.Editor", "VoiceSDK.Dictation.Editor.csproj", "{22431FF6-1343-DA58-5127-E2A799BA5E42}"
EndProject
Project("{FAE04EC0-301F-11D3-BF4B-00C04F79EFBC}") = "Oculus.Platform.Editor", "Oculus.Platform.Editor.csproj", "{A81628AE-6354-5C47-F4E7-D1B666D2B91F}"
EndProject
Project("{FAE04EC0-301F-11D3-BF4B-00C04F79EFBC}") = "VoiceSDK.Editor", "VoiceSDK.Editor.csproj", "{ABA56710-52A1-9ACC-CD03-AAB0AE77D225}"
EndProject
Project("{FAE04EC0-301F-11D3-BF4B-00C04F79EFBC}") = "Oculus.AudioManager.Audio.Editor", "Oculus.AudioManager.Audio.Editor.csproj", "{CD14DE2C-C8D3-2D8D-5C6C-412D02A1AC01}"
EndProject
Project("{FAE04EC0-301F-11D3-BF4B-00C04F79EFBC}") = "Oculus.LipSync.Editor", "Oculus.LipSync.Editor.csproj", "{80E4C7C5-3371-1524-F0F6-2B0A9F0C6E5F}"
EndProject
Project("{FAE04EC0-301F-11D3-BF4B-00C04F79EFBC}") = "Oculus.AudioManager.Utils.Editor", "Oculus.AudioManager.Utils.Editor.csproj", "{775D7AC7-32EB-A379-9AAA-3E2D0F0CCFE1}"
EndProject
Project("{FAE04EC0-301F-11D3-BF4B-00C04F79EFBC}") = "Oculus.Interaction.Samples.Editor", "Oculus.Interaction.Samples.Editor.csproj", "{6C89AA78-0E1A-669F-0AE4-7A5A331598BD}"
EndProject
Project("{FAE04EC0-301F-11D3-BF4B-00C04F79EFBC}") = "Facebook.Wit.Dictation.Editor", "Facebook.Wit.Dictation.Editor.csproj", "{61315695-61F5-7FB6-3AB0-1E13F5F8DD19}"
EndProject
Project("{FAE04EC0-301F-11D3-BF4B-00C04F79EFBC}") = "Oculus.Interaction.InterfaceSupport", "Oculus.Interaction.InterfaceSupport.csproj", "{86F87CED-2F48-00D0-FA1C-EAF4665236A8}"
EndProject
Project("{FAE04EC0-301F-11D3-BF4B-00C04F79EFBC}") = "Meta.Voice.VSDKHub.Editor", "Meta.Voice.VSDKHub.Editor.csproj", "{742B2AAE-8ABD-4B5B-19BF-1616367601EB}"
EndProject
Project("{FAE04EC0-301F-11D3-BF4B-00C04F79EFBC}") = "AssistantCoreSDKEditor", "AssistantCoreSDKEditor.csproj", "{FE54FCFF-D876-7348-7729-D429C6380197}"
EndProject
Global
	GlobalSection(SolutionConfigurationPlatforms) = preSolution
		Debug|Any CPU = Debug|Any CPU
		Release|Any CPU = Release|Any CPU
	EndGlobalSection
	GlobalSection(ProjectConfigurationPlatforms) = postSolution
		{624471BD-101C-FFEF-003A-449D341FF928}.Debug|Any CPU.ActiveCfg = Debug|Any CPU
		{624471BD-101C-FFEF-003A-449D341FF928}.Debug|Any CPU.Build.0 = Debug|Any CPU
		{624471BD-101C-FFEF-003A-449D341FF928}.Release|Any CPU.ActiveCfg = Release|Any CPU
		{624471BD-101C-FFEF-003A-449D341FF928}.Release|Any CPU.Build.0 = Release|Any CPU
		{E838425D-3572-CEB7-4A3A-72AC668D5BAC}.Debug|Any CPU.ActiveCfg = Debug|Any CPU
		{E838425D-3572-CEB7-4A3A-72AC668D5BAC}.Debug|Any CPU.Build.0 = Debug|Any CPU
		{E838425D-3572-CEB7-4A3A-72AC668D5BAC}.Release|Any CPU.ActiveCfg = Release|Any CPU
		{E838425D-3572-CEB7-4A3A-72AC668D5BAC}.Release|Any CPU.Build.0 = Release|Any CPU
		{FD64CCB8-903F-FA8D-88C1-A86940EAA3C2}.Debug|Any CPU.ActiveCfg = Debug|Any CPU
		{FD64CCB8-903F-FA8D-88C1-A86940EAA3C2}.Debug|Any CPU.Build.0 = Debug|Any CPU
		{FD64CCB8-903F-FA8D-88C1-A86940EAA3C2}.Release|Any CPU.ActiveCfg = Release|Any CPU
		{FD64CCB8-903F-FA8D-88C1-A86940EAA3C2}.Release|Any CPU.Build.0 = Release|Any CPU
		{377694DE-4957-48A8-515C-54438498EB47}.Debug|Any CPU.ActiveCfg = Debug|Any CPU
		{377694DE-4957-48A8-515C-54438498EB47}.Debug|Any CPU.Build.0 = Debug|Any CPU
		{377694DE-4957-48A8-515C-54438498EB47}.Release|Any CPU.ActiveCfg = Release|Any CPU
		{377694DE-4957-48A8-515C-54438498EB47}.Release|Any CPU.Build.0 = Release|Any CPU
		{0AB64463-D3FD-60C9-A544-684EB630C6D8}.Debug|Any CPU.ActiveCfg = Debug|Any CPU
		{0AB64463-D3FD-60C9-A544-684EB630C6D8}.Debug|Any CPU.Build.0 = Debug|Any CPU
		{0AB64463-D3FD-60C9-A544-684EB630C6D8}.Release|Any CPU.ActiveCfg = Release|Any CPU
		{0AB64463-D3FD-60C9-A544-684EB630C6D8}.Release|Any CPU.Build.0 = Release|Any CPU
		{95103372-1716-0799-AEE7-412B41ADABA1}.Debug|Any CPU.ActiveCfg = Debug|Any CPU
		{95103372-1716-0799-AEE7-412B41ADABA1}.Debug|Any CPU.Build.0 = Debug|Any CPU
		{95103372-1716-0799-AEE7-412B41ADABA1}.Release|Any CPU.ActiveCfg = Release|Any CPU
		{95103372-1716-0799-AEE7-412B41ADABA1}.Release|Any CPU.Build.0 = Release|Any CPU
		{92DA67C6-CA6E-7E66-29FC-BDF1C09214C4}.Debug|Any CPU.ActiveCfg = Debug|Any CPU
		{92DA67C6-CA6E-7E66-29FC-BDF1C09214C4}.Debug|Any CPU.Build.0 = Debug|Any CPU
		{92DA67C6-CA6E-7E66-29FC-BDF1C09214C4}.Release|Any CPU.ActiveCfg = Release|Any CPU
		{92DA67C6-CA6E-7E66-29FC-BDF1C09214C4}.Release|Any CPU.Build.0 = Release|Any CPU
		{9E286992-7B43-D7D8-7579-3257130AD802}.Debug|Any CPU.ActiveCfg = Debug|Any CPU
		{9E286992-7B43-D7D8-7579-3257130AD802}.Debug|Any CPU.Build.0 = Debug|Any CPU
		{9E286992-7B43-D7D8-7579-3257130AD802}.Release|Any CPU.ActiveCfg = Release|Any CPU
		{9E286992-7B43-D7D8-7579-3257130AD802}.Release|Any CPU.Build.0 = Release|Any CPU
		{9A286A2C-1A4C-DA4A-7D71-3231A226FB71}.Debug|Any CPU.ActiveCfg = Debug|Any CPU
		{9A286A2C-1A4C-DA4A-7D71-3231A226FB71}.Debug|Any CPU.Build.0 = Debug|Any CPU
		{9A286A2C-1A4C-DA4A-7D71-3231A226FB71}.Release|Any CPU.ActiveCfg = Release|Any CPU
		{9A286A2C-1A4C-DA4A-7D71-3231A226FB71}.Release|Any CPU.Build.0 = Release|Any CPU
		{530F1E45-0079-B3D1-547E-D5062E519F9E}.Debug|Any CPU.ActiveCfg = Debug|Any CPU
		{530F1E45-0079-B3D1-547E-D5062E519F9E}.Debug|Any CPU.Build.0 = Debug|Any CPU
		{530F1E45-0079-B3D1-547E-D5062E519F9E}.Release|Any CPU.ActiveCfg = Release|Any CPU
		{530F1E45-0079-B3D1-547E-D5062E519F9E}.Release|Any CPU.Build.0 = Release|Any CPU
		{ECAABBE1-B262-80E8-B632-537BC54CE9BC}.Debug|Any CPU.ActiveCfg = Debug|Any CPU
		{ECAABBE1-B262-80E8-B632-537BC54CE9BC}.Debug|Any CPU.Build.0 = Debug|Any CPU
		{ECAABBE1-B262-80E8-B632-537BC54CE9BC}.Release|Any CPU.ActiveCfg = Release|Any CPU
		{ECAABBE1-B262-80E8-B632-537BC54CE9BC}.Release|Any CPU.Build.0 = Release|Any CPU
		{6BBC0A9A-4222-CBC9-F1C2-148BC0E730EF}.Debug|Any CPU.ActiveCfg = Debug|Any CPU
		{6BBC0A9A-4222-CBC9-F1C2-148BC0E730EF}.Debug|Any CPU.Build.0 = Debug|Any CPU
		{6BBC0A9A-4222-CBC9-F1C2-148BC0E730EF}.Release|Any CPU.ActiveCfg = Release|Any CPU
		{6BBC0A9A-4222-CBC9-F1C2-148BC0E730EF}.Release|Any CPU.Build.0 = Release|Any CPU
		{003A58DB-3980-2892-C5BA-5C666FA02E5D}.Debug|Any CPU.ActiveCfg = Debug|Any CPU
		{003A58DB-3980-2892-C5BA-5C666FA02E5D}.Debug|Any CPU.Build.0 = Debug|Any CPU
		{003A58DB-3980-2892-C5BA-5C666FA02E5D}.Release|Any CPU.ActiveCfg = Release|Any CPU
		{003A58DB-3980-2892-C5BA-5C666FA02E5D}.Release|Any CPU.Build.0 = Release|Any CPU
		{DBCFA650-CAB5-37C9-3F67-C4FDE55D43BC}.Debug|Any CPU.ActiveCfg = Debug|Any CPU
		{DBCFA650-CAB5-37C9-3F67-C4FDE55D43BC}.Debug|Any CPU.Build.0 = Debug|Any CPU
		{DBCFA650-CAB5-37C9-3F67-C4FDE55D43BC}.Release|Any CPU.ActiveCfg = Release|Any CPU
		{DBCFA650-CAB5-37C9-3F67-C4FDE55D43BC}.Release|Any CPU.Build.0 = Release|Any CPU
		{5812307A-ACD5-1E4C-9956-C947A62D15CD}.Debug|Any CPU.ActiveCfg = Debug|Any CPU
		{5812307A-ACD5-1E4C-9956-C947A62D15CD}.Debug|Any CPU.Build.0 = Debug|Any CPU
		{5812307A-ACD5-1E4C-9956-C947A62D15CD}.Release|Any CPU.ActiveCfg = Release|Any CPU
		{5812307A-ACD5-1E4C-9956-C947A62D15CD}.Release|Any CPU.Build.0 = Release|Any CPU
		{44FB8161-CE98-F7B9-6BC6-F07BAEE0306C}.Debug|Any CPU.ActiveCfg = Debug|Any CPU
		{44FB8161-CE98-F7B9-6BC6-F07BAEE0306C}.Debug|Any CPU.Build.0 = Debug|Any CPU
		{44FB8161-CE98-F7B9-6BC6-F07BAEE0306C}.Release|Any CPU.ActiveCfg = Release|Any CPU
		{44FB8161-CE98-F7B9-6BC6-F07BAEE0306C}.Release|Any CPU.Build.0 = Release|Any CPU
		{FC097B1B-2B42-E30C-4649-5241371D697D}.Debug|Any CPU.ActiveCfg = Debug|Any CPU
		{FC097B1B-2B42-E30C-4649-5241371D697D}.Debug|Any CPU.Build.0 = Debug|Any CPU
		{FC097B1B-2B42-E30C-4649-5241371D697D}.Release|Any CPU.ActiveCfg = Release|Any CPU
		{FC097B1B-2B42-E30C-4649-5241371D697D}.Release|Any CPU.Build.0 = Release|Any CPU
		{304D60F1-8C71-E751-B20A-9F9921B35A4C}.Debug|Any CPU.ActiveCfg = Debug|Any CPU
		{304D60F1-8C71-E751-B20A-9F9921B35A4C}.Debug|Any CPU.Build.0 = Debug|Any CPU
		{304D60F1-8C71-E751-B20A-9F9921B35A4C}.Release|Any CPU.ActiveCfg = Release|Any CPU
		{304D60F1-8C71-E751-B20A-9F9921B35A4C}.Release|Any CPU.Build.0 = Release|Any CPU
		{993BD470-BEBA-9B5D-8931-7C6A63A77942}.Debug|Any CPU.ActiveCfg = Debug|Any CPU
		{993BD470-BEBA-9B5D-8931-7C6A63A77942}.Debug|Any CPU.Build.0 = Debug|Any CPU
		{993BD470-BEBA-9B5D-8931-7C6A63A77942}.Release|Any CPU.ActiveCfg = Release|Any CPU
		{993BD470-BEBA-9B5D-8931-7C6A63A77942}.Release|Any CPU.Build.0 = Release|Any CPU
		{09106EB7-4343-7040-DF34-20A721AC5F10}.Debug|Any CPU.ActiveCfg = Debug|Any CPU
		{09106EB7-4343-7040-DF34-20A721AC5F10}.Debug|Any CPU.Build.0 = Debug|Any CPU
		{09106EB7-4343-7040-DF34-20A721AC5F10}.Release|Any CPU.ActiveCfg = Release|Any CPU
		{09106EB7-4343-7040-DF34-20A721AC5F10}.Release|Any CPU.Build.0 = Release|Any CPU
		{67D7AA5A-8734-A71A-2634-AF6051B5AB89}.Debug|Any CPU.ActiveCfg = Debug|Any CPU
		{67D7AA5A-8734-A71A-2634-AF6051B5AB89}.Debug|Any CPU.Build.0 = Debug|Any CPU
		{67D7AA5A-8734-A71A-2634-AF6051B5AB89}.Release|Any CPU.ActiveCfg = Release|Any CPU
		{67D7AA5A-8734-A71A-2634-AF6051B5AB89}.Release|Any CPU.Build.0 = Release|Any CPU
		{2C9C62E8-AD6F-1A75-AD76-D728602CB403}.Debug|Any CPU.ActiveCfg = Debug|Any CPU
		{2C9C62E8-AD6F-1A75-AD76-D728602CB403}.Debug|Any CPU.Build.0 = Debug|Any CPU
		{2C9C62E8-AD6F-1A75-AD76-D728602CB403}.Release|Any CPU.ActiveCfg = Release|Any CPU
		{2C9C62E8-AD6F-1A75-AD76-D728602CB403}.Release|Any CPU.Build.0 = Release|Any CPU
		{B51736EB-BC0C-826F-7CD7-A8A4112EF36E}.Debug|Any CPU.ActiveCfg = Debug|Any CPU
		{B51736EB-BC0C-826F-7CD7-A8A4112EF36E}.Debug|Any CPU.Build.0 = Debug|Any CPU
		{B51736EB-BC0C-826F-7CD7-A8A4112EF36E}.Release|Any CPU.ActiveCfg = Release|Any CPU
		{B51736EB-BC0C-826F-7CD7-A8A4112EF36E}.Release|Any CPU.Build.0 = Release|Any CPU
		{D3CC927C-71B7-A751-CAD6-9E3F4F829E6A}.Debug|Any CPU.ActiveCfg = Debug|Any CPU
		{D3CC927C-71B7-A751-CAD6-9E3F4F829E6A}.Debug|Any CPU.Build.0 = Debug|Any CPU
		{D3CC927C-71B7-A751-CAD6-9E3F4F829E6A}.Release|Any CPU.ActiveCfg = Release|Any CPU
		{D3CC927C-71B7-A751-CAD6-9E3F4F829E6A}.Release|Any CPU.Build.0 = Release|Any CPU
		{79243F59-4FF5-16D5-5B96-A178DAE2E699}.Debug|Any CPU.ActiveCfg = Debug|Any CPU
		{79243F59-4FF5-16D5-5B96-A178DAE2E699}.Debug|Any CPU.Build.0 = Debug|Any CPU
		{79243F59-4FF5-16D5-5B96-A178DAE2E699}.Release|Any CPU.ActiveCfg = Release|Any CPU
		{79243F59-4FF5-16D5-5B96-A178DAE2E699}.Release|Any CPU.Build.0 = Release|Any CPU
		{4EF9963C-1E1E-4ADF-3BF2-7935EF707E26}.Debug|Any CPU.ActiveCfg = Debug|Any CPU
		{4EF9963C-1E1E-4ADF-3BF2-7935EF707E26}.Debug|Any CPU.Build.0 = Debug|Any CPU
		{4EF9963C-1E1E-4ADF-3BF2-7935EF707E26}.Release|Any CPU.ActiveCfg = Release|Any CPU
		{4EF9963C-1E1E-4ADF-3BF2-7935EF707E26}.Release|Any CPU.Build.0 = Release|Any CPU
		{495C64DB-FAAF-3525-CB59-6B1645253B95}.Debug|Any CPU.ActiveCfg = Debug|Any CPU
		{495C64DB-FAAF-3525-CB59-6B1645253B95}.Debug|Any CPU.Build.0 = Debug|Any CPU
		{495C64DB-FAAF-3525-CB59-6B1645253B95}.Release|Any CPU.ActiveCfg = Release|Any CPU
		{495C64DB-FAAF-3525-CB59-6B1645253B95}.Release|Any CPU.Build.0 = Release|Any CPU
		{B4DF2507-3634-E707-666E-4CE0C01F972C}.Debug|Any CPU.ActiveCfg = Debug|Any CPU
		{B4DF2507-3634-E707-666E-4CE0C01F972C}.Debug|Any CPU.Build.0 = Debug|Any CPU
		{B4DF2507-3634-E707-666E-4CE0C01F972C}.Release|Any CPU.ActiveCfg = Release|Any CPU
		{B4DF2507-3634-E707-666E-4CE0C01F972C}.Release|Any CPU.Build.0 = Release|Any CPU
		{4D068045-574C-0583-4989-28EB27F03865}.Debug|Any CPU.ActiveCfg = Debug|Any CPU
		{4D068045-574C-0583-4989-28EB27F03865}.Debug|Any CPU.Build.0 = Debug|Any CPU
		{4D068045-574C-0583-4989-28EB27F03865}.Release|Any CPU.ActiveCfg = Release|Any CPU
		{4D068045-574C-0583-4989-28EB27F03865}.Release|Any CPU.Build.0 = Release|Any CPU
		{C7A83C16-F0AF-6872-F220-521FD09CCEB5}.Debug|Any CPU.ActiveCfg = Debug|Any CPU
		{C7A83C16-F0AF-6872-F220-521FD09CCEB5}.Debug|Any CPU.Build.0 = Debug|Any CPU
		{C7A83C16-F0AF-6872-F220-521FD09CCEB5}.Release|Any CPU.ActiveCfg = Release|Any CPU
		{C7A83C16-F0AF-6872-F220-521FD09CCEB5}.Release|Any CPU.Build.0 = Release|Any CPU
		{8D95EADE-4366-C9FD-24AA-098DD0B5C4AD}.Debug|Any CPU.ActiveCfg = Debug|Any CPU
		{8D95EADE-4366-C9FD-24AA-098DD0B5C4AD}.Debug|Any CPU.Build.0 = Debug|Any CPU
		{8D95EADE-4366-C9FD-24AA-098DD0B5C4AD}.Release|Any CPU.ActiveCfg = Release|Any CPU
		{8D95EADE-4366-C9FD-24AA-098DD0B5C4AD}.Release|Any CPU.Build.0 = Release|Any CPU
		{69320787-0074-836B-29EB-498398A6A1FA}.Debug|Any CPU.ActiveCfg = Debug|Any CPU
		{69320787-0074-836B-29EB-498398A6A1FA}.Debug|Any CPU.Build.0 = Debug|Any CPU
		{69320787-0074-836B-29EB-498398A6A1FA}.Release|Any CPU.ActiveCfg = Release|Any CPU
		{69320787-0074-836B-29EB-498398A6A1FA}.Release|Any CPU.Build.0 = Release|Any CPU
		{26FF20A4-54BD-BA63-CD87-6A7630CC8A65}.Debug|Any CPU.ActiveCfg = Debug|Any CPU
		{26FF20A4-54BD-BA63-CD87-6A7630CC8A65}.Debug|Any CPU.Build.0 = Debug|Any CPU
		{26FF20A4-54BD-BA63-CD87-6A7630CC8A65}.Release|Any CPU.ActiveCfg = Release|Any CPU
		{26FF20A4-54BD-BA63-CD87-6A7630CC8A65}.Release|Any CPU.Build.0 = Release|Any CPU
		{4C31336F-8FCE-99A0-3B93-0BBA013B17DD}.Debug|Any CPU.ActiveCfg = Debug|Any CPU
		{4C31336F-8FCE-99A0-3B93-0BBA013B17DD}.Debug|Any CPU.Build.0 = Debug|Any CPU
		{4C31336F-8FCE-99A0-3B93-0BBA013B17DD}.Release|Any CPU.ActiveCfg = Release|Any CPU
		{4C31336F-8FCE-99A0-3B93-0BBA013B17DD}.Release|Any CPU.Build.0 = Release|Any CPU
		{53489E7E-3FAC-8073-A4D8-C5FDB400B0B5}.Debug|Any CPU.ActiveCfg = Debug|Any CPU
		{53489E7E-3FAC-8073-A4D8-C5FDB400B0B5}.Debug|Any CPU.Build.0 = Debug|Any CPU
		{53489E7E-3FAC-8073-A4D8-C5FDB400B0B5}.Release|Any CPU.ActiveCfg = Release|Any CPU
		{53489E7E-3FAC-8073-A4D8-C5FDB400B0B5}.Release|Any CPU.Build.0 = Release|Any CPU
		{A5768A5B-0CA7-BA50-087E-2D75F4FCA763}.Debug|Any CPU.ActiveCfg = Debug|Any CPU
		{A5768A5B-0CA7-BA50-087E-2D75F4FCA763}.Debug|Any CPU.Build.0 = Debug|Any CPU
		{A5768A5B-0CA7-BA50-087E-2D75F4FCA763}.Release|Any CPU.ActiveCfg = Release|Any CPU
		{A5768A5B-0CA7-BA50-087E-2D75F4FCA763}.Release|Any CPU.Build.0 = Release|Any CPU
		{A1EC28B7-E312-B088-39CB-2EE1E89A519C}.Debug|Any CPU.ActiveCfg = Debug|Any CPU
		{A1EC28B7-E312-B088-39CB-2EE1E89A519C}.Debug|Any CPU.Build.0 = Debug|Any CPU
		{A1EC28B7-E312-B088-39CB-2EE1E89A519C}.Release|Any CPU.ActiveCfg = Release|Any CPU
		{A1EC28B7-E312-B088-39CB-2EE1E89A519C}.Release|Any CPU.Build.0 = Release|Any CPU
		{D4ABB744-ED23-B882-E610-77F88034961A}.Debug|Any CPU.ActiveCfg = Debug|Any CPU
		{D4ABB744-ED23-B882-E610-77F88034961A}.Debug|Any CPU.Build.0 = Debug|Any CPU
		{D4ABB744-ED23-B882-E610-77F88034961A}.Release|Any CPU.ActiveCfg = Release|Any CPU
		{D4ABB744-ED23-B882-E610-77F88034961A}.Release|Any CPU.Build.0 = Release|Any CPU
		{9161C265-B354-6E5B-E901-0B5661ACAF3A}.Debug|Any CPU.ActiveCfg = Debug|Any CPU
		{9161C265-B354-6E5B-E901-0B5661ACAF3A}.Debug|Any CPU.Build.0 = Debug|Any CPU
		{9161C265-B354-6E5B-E901-0B5661ACAF3A}.Release|Any CPU.ActiveCfg = Release|Any CPU
		{9161C265-B354-6E5B-E901-0B5661ACAF3A}.Release|Any CPU.Build.0 = Release|Any CPU
		{ED6DAE0E-E159-117B-7F8A-C3B4ED4E9D80}.Debug|Any CPU.ActiveCfg = Debug|Any CPU
		{ED6DAE0E-E159-117B-7F8A-C3B4ED4E9D80}.Debug|Any CPU.Build.0 = Debug|Any CPU
		{ED6DAE0E-E159-117B-7F8A-C3B4ED4E9D80}.Release|Any CPU.ActiveCfg = Release|Any CPU
		{ED6DAE0E-E159-117B-7F8A-C3B4ED4E9D80}.Release|Any CPU.Build.0 = Release|Any CPU
		{22431FF6-1343-DA58-5127-E2A799BA5E42}.Debug|Any CPU.ActiveCfg = Debug|Any CPU
		{22431FF6-1343-DA58-5127-E2A799BA5E42}.Debug|Any CPU.Build.0 = Debug|Any CPU
		{22431FF6-1343-DA58-5127-E2A799BA5E42}.Release|Any CPU.ActiveCfg = Release|Any CPU
		{22431FF6-1343-DA58-5127-E2A799BA5E42}.Release|Any CPU.Build.0 = Release|Any CPU
		{A81628AE-6354-5C47-F4E7-D1B666D2B91F}.Debug|Any CPU.ActiveCfg = Debug|Any CPU
		{A81628AE-6354-5C47-F4E7-D1B666D2B91F}.Debug|Any CPU.Build.0 = Debug|Any CPU
		{A81628AE-6354-5C47-F4E7-D1B666D2B91F}.Release|Any CPU.ActiveCfg = Release|Any CPU
		{A81628AE-6354-5C47-F4E7-D1B666D2B91F}.Release|Any CPU.Build.0 = Release|Any CPU
		{ABA56710-52A1-9ACC-CD03-AAB0AE77D225}.Debug|Any CPU.ActiveCfg = Debug|Any CPU
		{ABA56710-52A1-9ACC-CD03-AAB0AE77D225}.Debug|Any CPU.Build.0 = Debug|Any CPU
		{ABA56710-52A1-9ACC-CD03-AAB0AE77D225}.Release|Any CPU.ActiveCfg = Release|Any CPU
		{ABA56710-52A1-9ACC-CD03-AAB0AE77D225}.Release|Any CPU.Build.0 = Release|Any CPU
		{CD14DE2C-C8D3-2D8D-5C6C-412D02A1AC01}.Debug|Any CPU.ActiveCfg = Debug|Any CPU
		{CD14DE2C-C8D3-2D8D-5C6C-412D02A1AC01}.Debug|Any CPU.Build.0 = Debug|Any CPU
		{CD14DE2C-C8D3-2D8D-5C6C-412D02A1AC01}.Release|Any CPU.ActiveCfg = Release|Any CPU
		{CD14DE2C-C8D3-2D8D-5C6C-412D02A1AC01}.Release|Any CPU.Build.0 = Release|Any CPU
		{80E4C7C5-3371-1524-F0F6-2B0A9F0C6E5F}.Debug|Any CPU.ActiveCfg = Debug|Any CPU
		{80E4C7C5-3371-1524-F0F6-2B0A9F0C6E5F}.Debug|Any CPU.Build.0 = Debug|Any CPU
		{80E4C7C5-3371-1524-F0F6-2B0A9F0C6E5F}.Release|Any CPU.ActiveCfg = Release|Any CPU
		{80E4C7C5-3371-1524-F0F6-2B0A9F0C6E5F}.Release|Any CPU.Build.0 = Release|Any CPU
		{775D7AC7-32EB-A379-9AAA-3E2D0F0CCFE1}.Debug|Any CPU.ActiveCfg = Debug|Any CPU
		{775D7AC7-32EB-A379-9AAA-3E2D0F0CCFE1}.Debug|Any CPU.Build.0 = Debug|Any CPU
		{775D7AC7-32EB-A379-9AAA-3E2D0F0CCFE1}.Release|Any CPU.ActiveCfg = Release|Any CPU
		{775D7AC7-32EB-A379-9AAA-3E2D0F0CCFE1}.Release|Any CPU.Build.0 = Release|Any CPU
		{6C89AA78-0E1A-669F-0AE4-7A5A331598BD}.Debug|Any CPU.ActiveCfg = Debug|Any CPU
		{6C89AA78-0E1A-669F-0AE4-7A5A331598BD}.Debug|Any CPU.Build.0 = Debug|Any CPU
		{6C89AA78-0E1A-669F-0AE4-7A5A331598BD}.Release|Any CPU.ActiveCfg = Release|Any CPU
		{6C89AA78-0E1A-669F-0AE4-7A5A331598BD}.Release|Any CPU.Build.0 = Release|Any CPU
		{61315695-61F5-7FB6-3AB0-1E13F5F8DD19}.Debug|Any CPU.ActiveCfg = Debug|Any CPU
		{61315695-61F5-7FB6-3AB0-1E13F5F8DD19}.Debug|Any CPU.Build.0 = Debug|Any CPU
		{61315695-61F5-7FB6-3AB0-1E13F5F8DD19}.Release|Any CPU.ActiveCfg = Release|Any CPU
		{61315695-61F5-7FB6-3AB0-1E13F5F8DD19}.Release|Any CPU.Build.0 = Release|Any CPU
		{86F87CED-2F48-00D0-FA1C-EAF4665236A8}.Debug|Any CPU.ActiveCfg = Debug|Any CPU
		{86F87CED-2F48-00D0-FA1C-EAF4665236A8}.Debug|Any CPU.Build.0 = Debug|Any CPU
		{86F87CED-2F48-00D0-FA1C-EAF4665236A8}.Release|Any CPU.ActiveCfg = Release|Any CPU
		{86F87CED-2F48-00D0-FA1C-EAF4665236A8}.Release|Any CPU.Build.0 = Release|Any CPU
		{742B2AAE-8ABD-4B5B-19BF-1616367601EB}.Debug|Any CPU.ActiveCfg = Debug|Any CPU
		{742B2AAE-8ABD-4B5B-19BF-1616367601EB}.Debug|Any CPU.Build.0 = Debug|Any CPU
		{742B2AAE-8ABD-4B5B-19BF-1616367601EB}.Release|Any CPU.ActiveCfg = Release|Any CPU
		{742B2AAE-8ABD-4B5B-19BF-1616367601EB}.Release|Any CPU.Build.0 = Release|Any CPU
		{FE54FCFF-D876-7348-7729-D429C6380197}.Debug|Any CPU.ActiveCfg = Debug|Any CPU
		{FE54FCFF-D876-7348-7729-D429C6380197}.Debug|Any CPU.Build.0 = Debug|Any CPU
		{FE54FCFF-D876-7348-7729-D429C6380197}.Release|Any CPU.ActiveCfg = Release|Any CPU
		{FE54FCFF-D876-7348-7729-D429C6380197}.Release|Any CPU.Build.0 = Release|Any CPU
	EndGlobalSection
	GlobalSection(SolutionProperties) = preSolution
		HideSolutionNode = FALSE
	EndGlobalSection
EndGlobal
